
Microsoft Visual Studio Solution File, Format Version 12.00
# Visual Studio 14
VisualStudioVersion = 14.0.25420.1
MinimumVisualStudioVersion = 10.0.40219.1
Project("{FAE04EC0-301F-11D3-BF4B-00C04F79EFBC}") = "01.InitialSetup", "01.InitialSetup\01.InitialSetup.csproj", "{D4AF6E9D-BB8E-49AB-AC78-E89B58CED191}"
EndProject
Project("{FAE04EC0-301F-11D3-BF4B-00C04F79EFBC}") = "02.GetVillainsNames", "02.GetVillainsNames\02.GetVillainsNames.csproj", "{278AB059-3E8F-4605-A3CA-150365BC6D33}"
EndProject
Project("{FAE04EC0-301F-11D3-BF4B-00C04F79EFBC}") = "03.GetMinionNames", "03.GetMinionNames\03.GetMinionNames.csproj", "{F9E1BE8B-B244-4029-A48F-A7B03F017BE0}"
EndProject
Project("{FAE04EC0-301F-11D3-BF4B-00C04F79EFBC}") = "04.AddMinion", "04.AddMinion\04.AddMinion.csproj", "{1268D72C-6962-48F7-BC57-0919B3428EF5}"
EndProject
Global
	GlobalSection(SolutionConfigurationPlatforms) = preSolution
		Debug|Any CPU = Debug|Any CPU
		Release|Any CPU = Release|Any CPU
	EndGlobalSection
	GlobalSection(ProjectConfigurationPlatforms) = postSolution
		{D4AF6E9D-BB8E-49AB-AC78-E89B58CED191}.Debug|Any CPU.ActiveCfg = Debug|Any CPU
		{D4AF6E9D-BB8E-49AB-AC78-E89B58CED191}.Debug|Any CPU.Build.0 = Debug|Any CPU
		{D4AF6E9D-BB8E-49AB-AC78-E89B58CED191}.Release|Any CPU.ActiveCfg = Release|Any CPU
		{D4AF6E9D-BB8E-49AB-AC78-E89B58CED191}.Release|Any CPU.Build.0 = Release|Any CPU
		{278AB059-3E8F-4605-A3CA-150365BC6D33}.Debug|Any CPU.ActiveCfg = Debug|Any CPU
		{278AB059-3E8F-4605-A3CA-150365BC6D33}.Debug|Any CPU.Build.0 = Debug|Any CPU
		{278AB059-3E8F-4605-A3CA-150365BC6D33}.Release|Any CPU.ActiveCfg = Release|Any CPU
		{278AB059-3E8F-4605-A3CA-150365BC6D33}.Release|Any CPU.Build.0 = Release|Any CPU
		{F9E1BE8B-B244-4029-A48F-A7B03F017BE0}.Debug|Any CPU.ActiveCfg = Debug|Any CPU
		{F9E1BE8B-B244-4029-A48F-A7B03F017BE0}.Debug|Any CPU.Build.0 = Debug|Any CPU
		{F9E1BE8B-B244-4029-A48F-A7B03F017BE0}.Release|Any CPU.ActiveCfg = Release|Any CPU
		{F9E1BE8B-B244-4029-A48F-A7B03F017BE0}.Release|Any CPU.Build.0 = Release|Any CPU
		{1268D72C-6962-48F7-BC57-0919B3428EF5}.Debug|Any CPU.ActiveCfg = Debug|Any CPU
		{1268D72C-6962-48F7-BC57-0919B3428EF5}.Debug|Any CPU.Build.0 = Debug|Any CPU
		{1268D72C-6962-48F7-BC57-0919B3428EF5}.Release|Any CPU.ActiveCfg = Release|Any CPU
		{1268D72C-6962-48F7-BC57-0919B3428EF5}.Release|Any CPU.Build.0 = Release|Any CPU
	EndGlobalSection
	GlobalSection(SolutionProperties) = preSolution
		HideSolutionNode = FALSE
	EndGlobalSection
EndGlobal
