
Microsoft Visual Studio Solution File, Format Version 12.00
# Visual Studio 14
VisualStudioVersion = 14.0.25420.1
MinimumVisualStudioVersion = 10.0.40219.1
Project("{FAE04EC0-301F-11D3-BF4B-00C04F79EFBC}") = "Hospital.Models", "Hospital.Models\Hospital.Models.csproj", "{63AE5422-68AF-456F-A818-5D46165D818E}"
EndProject
Project("{FAE04EC0-301F-11D3-BF4B-00C04F79EFBC}") = "Hospital.Data", "Hospital.Data\Hospital.Data.csproj", "{C13E2CC8-1D40-4D6D-AF14-48E738D13D9B}"
EndProject
Project("{FAE04EC0-301F-11D3-BF4B-00C04F79EFBC}") = "Hospital.ConsoleClient", "Hospital.ConsoleClient\Hospital.ConsoleClient.csproj", "{61B0FEF9-BB98-4EE1-AE1C-A317493CEE9F}"
EndProject
Global
	GlobalSection(SolutionConfigurationPlatforms) = preSolution
		Debug|Any CPU = Debug|Any CPU
		Release|Any CPU = Release|Any CPU
	EndGlobalSection
	GlobalSection(ProjectConfigurationPlatforms) = postSolution
		{63AE5422-68AF-456F-A818-5D46165D818E}.Debug|Any CPU.ActiveCfg = Debug|Any CPU
		{63AE5422-68AF-456F-A818-5D46165D818E}.Debug|Any CPU.Build.0 = Debug|Any CPU
		{63AE5422-68AF-456F-A818-5D46165D818E}.Release|Any CPU.ActiveCfg = Release|Any CPU
		{63AE5422-68AF-456F-A818-5D46165D818E}.Release|Any CPU.Build.0 = Release|Any CPU
		{C13E2CC8-1D40-4D6D-AF14-48E738D13D9B}.Debug|Any CPU.ActiveCfg = Debug|Any CPU
		{C13E2CC8-1D40-4D6D-AF14-48E738D13D9B}.Debug|Any CPU.Build.0 = Debug|Any CPU
		{C13E2CC8-1D40-4D6D-AF14-48E738D13D9B}.Release|Any CPU.ActiveCfg = Release|Any CPU
		{C13E2CC8-1D40-4D6D-AF14-48E738D13D9B}.Release|Any CPU.Build.0 = Release|Any CPU
		{61B0FEF9-BB98-4EE1-AE1C-A317493CEE9F}.Debug|Any CPU.ActiveCfg = Debug|Any CPU
		{61B0FEF9-BB98-4EE1-AE1C-A317493CEE9F}.Debug|Any CPU.Build.0 = Debug|Any CPU
		{61B0FEF9-BB98-4EE1-AE1C-A317493CEE9F}.Release|Any CPU.ActiveCfg = Release|Any CPU
		{61B0FEF9-BB98-4EE1-AE1C-A317493CEE9F}.Release|Any CPU.Build.0 = Release|Any CPU
	EndGlobalSection
	GlobalSection(SolutionProperties) = preSolution
		HideSolutionNode = FALSE
	EndGlobalSection
EndGlobal
