
Microsoft Visual Studio Solution File, Format Version 12.00
# Visual Studio 14
VisualStudioVersion = 14.0.25420.1
MinimumVisualStudioVersion = 10.0.40219.1
Project("{FAE04EC0-301F-11D3-BF4B-00C04F79EFBC}") = "BookShop.Models", "BookShop.Models\BookShop.Models.csproj", "{30AD6C9B-2D78-42E1-AA1C-52FFAD648813}"
EndProject
Project("{FAE04EC0-301F-11D3-BF4B-00C04F79EFBC}") = "BookShop.Data", "BookShop.Data\BookShop.Data.csproj", "{AB876090-523D-4B6E-B59D-56FD453F9245}"
EndProject
Project("{FAE04EC0-301F-11D3-BF4B-00C04F79EFBC}") = "BookShop.ConsoleClient", "BookShop.ConsoleClient\BookShop.ConsoleClient.csproj", "{BE1936D6-B662-4C5C-8DE2-A0ECB81FD476}"
EndProject
Global
	GlobalSection(SolutionConfigurationPlatforms) = preSolution
		Debug|Any CPU = Debug|Any CPU
		Release|Any CPU = Release|Any CPU
	EndGlobalSection
	GlobalSection(ProjectConfigurationPlatforms) = postSolution
		{30AD6C9B-2D78-42E1-AA1C-52FFAD648813}.Debug|Any CPU.ActiveCfg = Debug|Any CPU
		{30AD6C9B-2D78-42E1-AA1C-52FFAD648813}.Debug|Any CPU.Build.0 = Debug|Any CPU
		{30AD6C9B-2D78-42E1-AA1C-52FFAD648813}.Release|Any CPU.ActiveCfg = Release|Any CPU
		{30AD6C9B-2D78-42E1-AA1C-52FFAD648813}.Release|Any CPU.Build.0 = Release|Any CPU
		{AB876090-523D-4B6E-B59D-56FD453F9245}.Debug|Any CPU.ActiveCfg = Debug|Any CPU
		{AB876090-523D-4B6E-B59D-56FD453F9245}.Debug|Any CPU.Build.0 = Debug|Any CPU
		{AB876090-523D-4B6E-B59D-56FD453F9245}.Release|Any CPU.ActiveCfg = Release|Any CPU
		{AB876090-523D-4B6E-B59D-56FD453F9245}.Release|Any CPU.Build.0 = Release|Any CPU
		{BE1936D6-B662-4C5C-8DE2-A0ECB81FD476}.Debug|Any CPU.ActiveCfg = Debug|Any CPU
		{BE1936D6-B662-4C5C-8DE2-A0ECB81FD476}.Debug|Any CPU.Build.0 = Debug|Any CPU
		{BE1936D6-B662-4C5C-8DE2-A0ECB81FD476}.Release|Any CPU.ActiveCfg = Release|Any CPU
		{BE1936D6-B662-4C5C-8DE2-A0ECB81FD476}.Release|Any CPU.Build.0 = Release|Any CPU
	EndGlobalSection
	GlobalSection(SolutionProperties) = preSolution
		HideSolutionNode = FALSE
	EndGlobalSection
EndGlobal
